
Microsoft Visual Studio Solution File, Format Version 12.00
# Visual Studio 15
VisualStudioVersion = 15.0.27004.2008
MinimumVisualStudioVersion = 10.0.40219.1
Project("{9A19103F-16F7-4668-BE54-9A1E7A4F7556}") = "exercise01-saying_hello", "exercise01-saying_hello\exercise01-saying_hello.csproj", "{CE88F33C-589B-495D-B546-550EF3CC2BD0}"
EndProject
Project("{FAE04EC0-301F-11D3-BF4B-00C04F79EFBC}") = "exercise02-counting_the_number_of_characters", "exercise02-counting_the_number_of_characters\exercise02-counting_the_number_of_characters.csproj", "{C02ACA7D-0F17-49FD-AD5B-A4BA196E23DE}"
EndProject
Global
	GlobalSection(SolutionConfigurationPlatforms) = preSolution
		Debug|Any CPU = Debug|Any CPU
		Release|Any CPU = Release|Any CPU
	EndGlobalSection
	GlobalSection(ProjectConfigurationPlatforms) = postSolution
		{CE88F33C-589B-495D-B546-550EF3CC2BD0}.Debug|Any CPU.ActiveCfg = Debug|Any CPU
		{CE88F33C-589B-495D-B546-550EF3CC2BD0}.Debug|Any CPU.Build.0 = Debug|Any CPU
		{CE88F33C-589B-495D-B546-550EF3CC2BD0}.Release|Any CPU.ActiveCfg = Release|Any CPU
		{CE88F33C-589B-495D-B546-550EF3CC2BD0}.Release|Any CPU.Build.0 = Release|Any CPU
		{C02ACA7D-0F17-49FD-AD5B-A4BA196E23DE}.Debug|Any CPU.ActiveCfg = Debug|Any CPU
		{C02ACA7D-0F17-49FD-AD5B-A4BA196E23DE}.Debug|Any CPU.Build.0 = Debug|Any CPU
		{C02ACA7D-0F17-49FD-AD5B-A4BA196E23DE}.Release|Any CPU.ActiveCfg = Release|Any CPU
		{C02ACA7D-0F17-49FD-AD5B-A4BA196E23DE}.Release|Any CPU.Build.0 = Release|Any CPU
	EndGlobalSection
	GlobalSection(SolutionProperties) = preSolution
		HideSolutionNode = FALSE
	EndGlobalSection
	GlobalSection(ExtensibilityGlobals) = postSolution
		SolutionGuid = {C6B6ACC6-0F0B-463E-A072-60994F10F6A4}
	EndGlobalSection
EndGlobal
